
Microsoft Visual Studio Solution File, Format Version 12.00
# Visual Studio Version 17
VisualStudioVersion = 17.14.36603.0 d17.14
MinimumVisualStudioVersion = 10.0.40219.1
Project("{FAE04EC0-301F-11D3-BF4B-00C04F79EFBC}") = "MonitorUsuariosAD", "MonitorUsuariosAD.csproj", "{32B90E3E-2434-4A42-BFF7-EB683028500A}"
EndProject
Global
	GlobalSection(SolutionConfigurationPlatforms) = preSolution
		Debug|Any CPU = Debug|Any CPU
		Release|Any CPU = Release|Any CPU
	EndGlobalSection
	GlobalSection(ProjectConfigurationPlatforms) = postSolution
		{32B90E3E-2434-4A42-BFF7-EB683028500A}.Debug|Any CPU.ActiveCfg = Debug|Any CPU
		{32B90E3E-2434-4A42-BFF7-EB683028500A}.Debug|Any CPU.Build.0 = Debug|Any CPU
		{32B90E3E-2434-4A42-BFF7-EB683028500A}.Release|Any CPU.ActiveCfg = Release|Any CPU
		{32B90E3E-2434-4A42-BFF7-EB683028500A}.Release|Any CPU.Build.0 = Release|Any CPU
	EndGlobalSection
	GlobalSection(SolutionProperties) = preSolution
		HideSolutionNode = FALSE
	EndGlobalSection
	GlobalSection(ExtensibilityGlobals) = postSolution
		SolutionGuid = {2331771D-5A06-441C-9BAB-A11B0DE51CBA}
	EndGlobalSection
EndGlobal
